// !$*UTF8*$!
{
	archiveVersion = 1;
	classes = {
	};
	objectVersion = 46;
	objects = {

/* Begin PBXBuildFile section */
		2634EEA61C1ED460007E6ED5 /* main.m in Sources */ = {isa = PBXBuildFile; fileRef = 2634EEA51C1ED460007E6ED5 /* main.m */; };
		2634EEA91C1ED460007E6ED5 /* AppDelegate.m in Sources */ = {isa = PBXBuildFile; fileRef = 2634EEA81C1ED460007E6ED5 /* AppDelegate.m */; };
		2634EEAC1C1ED460007E6ED5 /* ViewController.m in Sources */ = {isa = PBXBuildFile; fileRef = 2634EEAB1C1ED460007E6ED5 /* ViewController.m */; };
		2634EEB11C1ED460007E6ED5 /* Assets.xcassets in Resources */ = {isa = PBXBuildFile; fileRef = 2634EEB01C1ED460007E6ED5 /* Assets.xcassets */; };
		2634EEB41C1ED460007E6ED5 /* LaunchScreen.storyboard in Resources */ = {isa = PBXBuildFile; fileRef = 2634EEB21C1ED460007E6ED5 /* LaunchScreen.storyboard */; };
		265B478C1C2ED013005024A1 /* LineDrawer.m in Sources */ = {isa = PBXBuildFile; fileRef = 265B478B1C2ED013005024A1 /* LineDrawer.m */; };
		2662B97A1C2426EB004C0719 /* BoardViewController.m in Sources */ = {isa = PBXBuildFile; fileRef = 2662B9791C2426EB004C0719 /* BoardViewController.m */; };
		2662B97D1C242C9C004C0719 /* CanvasViewController.m in Sources */ = {isa = PBXBuildFile; fileRef = 2662B97C1C242C9C004C0719 /* CanvasViewController.m */; };
		2662B9801C242EB2004C0719 /* PanelFiguresViewController.m in Sources */ = {isa = PBXBuildFile; fileRef = 2662B97F1C242EB2004C0719 /* PanelFiguresViewController.m */; };
		2662B9831C2432FC004C0719 /* PanelColorViewController.m in Sources */ = {isa = PBXBuildFile; fileRef = 2662B9821C2432FC004C0719 /* PanelColorViewController.m */; };
		26A35E7E1C207372008C9565 /* Main.storyboard in Resources */ = {isa = PBXBuildFile; fileRef = 26A35E7C1C207372008C9565 /* Main.storyboard */; };
		26DF4F391C1EE55D00AC03D0 /* FigureDrawer.m in Sources */ = {isa = PBXBuildFile; fileRef = 26DF4F381C1EE55D00AC03D0 /* FigureDrawer.m */; };
		EDC6AB811C357C1A004B9B18 /* FileManagingVC.m in Sources */ = {isa = PBXBuildFile; fileRef = EDC6AB801C357C1A004B9B18 /* FileManagingVC.m */; };
		EDE88B261C3AB3F7004CBB54 /* LayerManagingVC.m in Sources */ = {isa = PBXBuildFile; fileRef = EDE88B251C3AB3F7004CBB54 /* LayerManagingVC.m */; };
/* End PBXBuildFile section */

/* Begin PBXFileReference section */
		2634EEA11C1ED460007E6ED5 /* IosPaint.app */ = {isa = PBXFileReference; explicitFileType = wrapper.application; includeInIndex = 0; path = IosPaint.app; sourceTree = BUILT_PRODUCTS_DIR; };
		2634EEA51C1ED460007E6ED5 /* main.m */ = {isa = PBXFileReference; lastKnownFileType = sourcecode.c.objc; path = main.m; sourceTree = "<group>"; };
		2634EEA71C1ED460007E6ED5 /* AppDelegate.h */ = {isa = PBXFileReference; lastKnownFileType = sourcecode.c.h; path = AppDelegate.h; sourceTree = "<group>"; };
		2634EEA81C1ED460007E6ED5 /* AppDelegate.m */ = {isa = PBXFileReference; lastKnownFileType = sourcecode.c.objc; path = AppDelegate.m; sourceTree = "<group>"; };
		2634EEAA1C1ED460007E6ED5 /* ViewController.h */ = {isa = PBXFileReference; lastKnownFileType = sourcecode.c.h; path = ViewController.h; sourceTree = "<group>"; };
		2634EEAB1C1ED460007E6ED5 /* ViewController.m */ = {isa = PBXFileReference; lastKnownFileType = sourcecode.c.objc; path = ViewController.m; sourceTree = "<group>"; };
		2634EEB01C1ED460007E6ED5 /* Assets.xcassets */ = {isa = PBXFileReference; lastKnownFileType = folder.assetcatalog; path = Assets.xcassets; sourceTree = "<group>"; };
		2634EEB31C1ED460007E6ED5 /* Base */ = {isa = PBXFileReference; lastKnownFileType = file.storyboard; name = Base; path = Base.lproj/LaunchScreen.storyboard; sourceTree = "<group>"; };
		2634EEB51C1ED460007E6ED5 /* Info.plist */ = {isa = PBXFileReference; lastKnownFileType = text.plist.xml; path = Info.plist; sourceTree = "<group>"; };
		265B478A1C2ED013005024A1 /* LineDrawer.h */ = {isa = PBXFileReference; fileEncoding = 4; lastKnownFileType = sourcecode.c.h; name = LineDrawer.h; path = IosPaint/LineDrawer.h; sourceTree = "<group>"; };
		265B478B1C2ED013005024A1 /* LineDrawer.m */ = {isa = PBXFileReference; fileEncoding = 4; lastKnownFileType = sourcecode.c.objc; name = LineDrawer.m; path = IosPaint/LineDrawer.m; sourceTree = "<group>"; };
		2662B9781C2426EB004C0719 /* BoardViewController.h */ = {isa = PBXFileReference; fileEncoding = 4; lastKnownFileType = sourcecode.c.h; name = BoardViewController.h; path = IosPaint/BoardViewController.h; sourceTree = "<group>"; };
		2662B9791C2426EB004C0719 /* BoardViewController.m */ = {isa = PBXFileReference; fileEncoding = 4; lastKnownFileType = sourcecode.c.objc; name = BoardViewController.m; path = IosPaint/BoardViewController.m; sourceTree = "<group>"; };
		2662B97B1C242C9C004C0719 /* CanvasViewController.h */ = {isa = PBXFileReference; fileEncoding = 4; lastKnownFileType = sourcecode.c.h; name = CanvasViewController.h; path = IosPaint/CanvasViewController.h; sourceTree = "<group>"; };
		2662B97C1C242C9C004C0719 /* CanvasViewController.m */ = {isa = PBXFileReference; fileEncoding = 4; lastKnownFileType = sourcecode.c.objc; name = CanvasViewController.m; path = IosPaint/CanvasViewController.m; sourceTree = "<group>"; };
		2662B97E1C242EB2004C0719 /* PanelFiguresViewController.h */ = {isa = PBXFileReference; fileEncoding = 4; lastKnownFileType = sourcecode.c.h; name = PanelFiguresViewController.h; path = IosPaint/PanelFiguresViewController.h; sourceTree = "<group>"; };
		2662B97F1C242EB2004C0719 /* PanelFiguresViewController.m */ = {isa = PBXFileReference; fileEncoding = 4; lastKnownFileType = sourcecode.c.objc; name = PanelFiguresViewController.m; path = IosPaint/PanelFiguresViewController.m; sourceTree = "<group>"; };
		2662B9811C2432FC004C0719 /* PanelColorViewController.h */ = {isa = PBXFileReference; fileEncoding = 4; lastKnownFileType = sourcecode.c.h; name = PanelColorViewController.h; path = IosPaint/PanelColorViewController.h; sourceTree = "<group>"; };
		2662B9821C2432FC004C0719 /* PanelColorViewController.m */ = {isa = PBXFileReference; fileEncoding = 4; lastKnownFileType = sourcecode.c.objc; name = PanelColorViewController.m; path = IosPaint/PanelColorViewController.m; sourceTree = "<group>"; };
		26A35E7D1C207372008C9565 /* Base */ = {isa = PBXFileReference; lastKnownFileType = file.storyboard; name = Base; path = IosPaint/Base.lproj/Main.storyboard; sourceTree = "<group>"; };
		26DF4F371C1EE55D00AC03D0 /* FigureDrawer.h */ = {isa = PBXFileReference; fileEncoding = 4; lastKnownFileType = sourcecode.c.h; path = FigureDrawer.h; sourceTree = "<group>"; };
		26DF4F381C1EE55D00AC03D0 /* FigureDrawer.m */ = {isa = PBXFileReference; fileEncoding = 4; lastKnownFileType = sourcecode.c.objc; path = FigureDrawer.m; sourceTree = "<group>"; };
		EDC6AB7F1C357C1A004B9B18 /* FileManagingVC.h */ = {isa = PBXFileReference; fileEncoding = 4; lastKnownFileType = sourcecode.c.h; path = FileManagingVC.h; sourceTree = "<group>"; };
		EDC6AB801C357C1A004B9B18 /* FileManagingVC.m */ = {isa = PBXFileReference; fileEncoding = 4; lastKnownFileType = sourcecode.c.objc; path = FileManagingVC.m; sourceTree = "<group>"; };
		EDE88B231C3A8525004CBB54 /* headerWithProtocols.h */ = {isa = PBXFileReference; lastKnownFileType = sourcecode.c.h; path = headerWithProtocols.h; sourceTree = "<group>"; };
		EDE88B241C3AB3F7004CBB54 /* LayerManagingVC.h */ = {isa = PBXFileReference; fileEncoding = 4; lastKnownFileType = sourcecode.c.h; path = LayerManagingVC.h; sourceTree = "<group>"; };
		EDE88B251C3AB3F7004CBB54 /* LayerManagingVC.m */ = {isa = PBXFileReference; fileEncoding = 4; lastKnownFileType = sourcecode.c.objc; path = LayerManagingVC.m; sourceTree = "<group>"; };
/* End PBXFileReference section */

/* Begin PBXFrameworksBuildPhase section */
		2634EE9E1C1ED460007E6ED5 /* Frameworks */ = {
			isa = PBXFrameworksBuildPhase;
			buildActionMask = 2147483647;
			files = (
			);
			runOnlyForDeploymentPostprocessing = 0;
		};
/* End PBXFrameworksBuildPhase section */

/* Begin PBXGroup section */
		2634EE981C1ED460007E6ED5 = {
			isa = PBXGroup;
			children = (
				EDE88B241C3AB3F7004CBB54 /* LayerManagingVC.h */,
				EDE88B251C3AB3F7004CBB54 /* LayerManagingVC.m */,
				EDE88B231C3A8525004CBB54 /* headerWithProtocols.h */,
				EDC6AB7F1C357C1A004B9B18 /* FileManagingVC.h */,
				EDC6AB801C357C1A004B9B18 /* FileManagingVC.m */,
				265B478A1C2ED013005024A1 /* LineDrawer.h */,
				265B478B1C2ED013005024A1 /* LineDrawer.m */,
				2662B9811C2432FC004C0719 /* PanelColorViewController.h */,
				2662B9821C2432FC004C0719 /* PanelColorViewController.m */,
				2662B97E1C242EB2004C0719 /* PanelFiguresViewController.h */,
				2662B97F1C242EB2004C0719 /* PanelFiguresViewController.m */,
				2662B97B1C242C9C004C0719 /* CanvasViewController.h */,
				2662B97C1C242C9C004C0719 /* CanvasViewController.m */,
				2662B9781C2426EB004C0719 /* BoardViewController.h */,
				2662B9791C2426EB004C0719 /* BoardViewController.m */,
				2634EEA31C1ED460007E6ED5 /* IosPaint */,
				2634EEA21C1ED460007E6ED5 /* Products */,
			);
			sourceTree = "<group>";
		};
		2634EEA21C1ED460007E6ED5 /* Products */ = {
			isa = PBXGroup;
			children = (
				2634EEA11C1ED460007E6ED5 /* IosPaint.app */,
			);
			name = Products;
			sourceTree = "<group>";
		};
		2634EEA31C1ED460007E6ED5 /* IosPaint */ = {
			isa = PBXGroup;
			children = (
				26DF4F371C1EE55D00AC03D0 /* FigureDrawer.h */,
				26DF4F381C1EE55D00AC03D0 /* FigureDrawer.m */,
				2634EEA71C1ED460007E6ED5 /* AppDelegate.h */,
				2634EEA81C1ED460007E6ED5 /* AppDelegate.m */,
				26A35E7C1C207372008C9565 /* Main.storyboard */,
				2634EEAA1C1ED460007E6ED5 /* ViewController.h */,
				2634EEAB1C1ED460007E6ED5 /* ViewController.m */,
				2634EEB01C1ED460007E6ED5 /* Assets.xcassets */,
				2634EEB21C1ED460007E6ED5 /* LaunchScreen.storyboard */,
				2634EEB51C1ED460007E6ED5 /* Info.plist */,
				2634EEA41C1ED460007E6ED5 /* Supporting Files */,
			);
			path = IosPaint;
			sourceTree = "<group>";
		};
		2634EEA41C1ED460007E6ED5 /* Supporting Files */ = {
			isa = PBXGroup;
			children = (
				2634EEA51C1ED460007E6ED5 /* main.m */,
			);
			name = "Supporting Files";
			sourceTree = "<group>";
		};
/* End PBXGroup section */

/* Begin PBXNativeTarget section */
		2634EEA01C1ED460007E6ED5 /* IosPaint */ = {
			isa = PBXNativeTarget;
			buildConfigurationList = 2634EEB81C1ED460007E6ED5 /* Build configuration list for PBXNativeTarget "IosPaint" */;
			buildPhases = (
				2634EE9D1C1ED460007E6ED5 /* Sources */,
				2634EE9E1C1ED460007E6ED5 /* Frameworks */,
				2634EE9F1C1ED460007E6ED5 /* Resources */,
			);
			buildRules = (
			);
			dependencies = (
			);
			name = IosPaint;
			productName = IosPaint;
			productReference = 2634EEA11C1ED460007E6ED5 /* IosPaint.app */;
			productType = "com.apple.product-type.application";
		};
/* End PBXNativeTarget section */

/* Begin PBXProject section */
		2634EE991C1ED460007E6ED5 /* Project object */ = {
			isa = PBXProject;
			attributes = {
				LastUpgradeCheck = 0710;
				ORGANIZATIONNAME = Olexander_Chechetkin;
				TargetAttributes = {
					2634EEA01C1ED460007E6ED5 = {
						CreatedOnToolsVersion = 7.1;
					};
				};
			};
			buildConfigurationList = 2634EE9C1C1ED460007E6ED5 /* Build configuration list for PBXProject "IosPaint" */;
			compatibilityVersion = "Xcode 3.2";
			developmentRegion = English;
			hasScannedForEncodings = 0;
			knownRegions = (
				en,
				Base,
			);
			mainGroup = 2634EE981C1ED460007E6ED5;
			productRefGroup = 2634EEA21C1ED460007E6ED5 /* Products */;
			projectDirPath = "";
			projectRoot = "";
			targets = (
				2634EEA01C1ED460007E6ED5 /* IosPaint */,
			);
		};
/* End PBXProject section */

/* Begin PBXResourcesBuildPhase section */
		2634EE9F1C1ED460007E6ED5 /* Resources */ = {
			isa = PBXResourcesBuildPhase;
			buildActionMask = 2147483647;
			files = (
				26A35E7E1C207372008C9565 /* Main.storyboard in Resources */,
				2634EEB41C1ED460007E6ED5 /* LaunchScreen.storyboard in Resources */,
				2634EEB11C1ED460007E6ED5 /* Assets.xcassets in Resources */,
			);
			runOnlyForDeploymentPostprocessing = 0;
		};
/* End PBXResourcesBuildPhase section */

/* Begin PBXSourcesBuildPhase section */
		2634EE9D1C1ED460007E6ED5 /* Sources */ = {
			isa = PBXSourcesBuildPhase;
			buildActionMask = 2147483647;
			files = (
				EDE88B261C3AB3F7004CBB54 /* LayerManagingVC.m in Sources */,
				265B478C1C2ED013005024A1 /* LineDrawer.m in Sources */,
				26DF4F391C1EE55D00AC03D0 /* FigureDrawer.m in Sources */,
				EDC6AB811C357C1A004B9B18 /* FileManagingVC.m in Sources */,
				2662B97A1C2426EB004C0719 /* BoardViewController.m in Sources */,
				2662B97D1C242C9C004C0719 /* CanvasViewController.m in Sources */,
				2662B9831C2432FC004C0719 /* PanelColorViewController.m in Sources */,
				2662B9801C242EB2004C0719 /* PanelFiguresViewController.m in Sources */,
				2634EEAC1C1ED460007E6ED5 /* ViewController.m in Sources */,
				2634EEA91C1ED460007E6ED5 /* AppDelegate.m in Sources */,
				2634EEA61C1ED460007E6ED5 /* main.m in Sources */,
			);
			runOnlyForDeploymentPostprocessing = 0;
		};
/* End PBXSourcesBuildPhase section */

/* Begin PBXVariantGroup section */
		2634EEB21C1ED460007E6ED5 /* LaunchScreen.storyboard */ = {
			isa = PBXVariantGroup;
			children = (
				2634EEB31C1ED460007E6ED5 /* Base */,
			);
			name = LaunchScreen.storyboard;
			sourceTree = "<group>";
		};
		26A35E7C1C207372008C9565 /* Main.storyboard */ = {
			isa = PBXVariantGroup;
			children = (
				26A35E7D1C207372008C9565 /* Base */,
			);
			name = Main.storyboard;
			path = ..;
			sourceTree = "<group>";
		};
/* End PBXVariantGroup section */

/* Begin XCBuildConfiguration section */
		2634EEB61C1ED460007E6ED5 /* Debug */ = {
			isa = XCBuildConfiguration;
			buildSettings = {
				ALWAYS_SEARCH_USER_PATHS = NO;
				CLANG_CXX_LANGUAGE_STANDARD = "gnu++0x";
				CLANG_CXX_LIBRARY = "libc++";
				CLANG_ENABLE_MODULES = YES;
				CLANG_ENABLE_OBJC_ARC = YES;
				CLANG_WARN_BOOL_CONVERSION = YES;
				CLANG_WARN_CONSTANT_CONVERSION = YES;
				CLANG_WARN_DIRECT_OBJC_ISA_USAGE = YES_ERROR;
				CLANG_WARN_EMPTY_BODY = YES;
				CLANG_WARN_ENUM_CONVERSION = YES;
				CLANG_WARN_INT_CONVERSION = YES;
				CLANG_WARN_OBJC_ROOT_CLASS = YES_ERROR;
				CLANG_WARN_UNREACHABLE_CODE = YES;
				CLANG_WARN__DUPLICATE_METHOD_MATCH = YES;
				"CODE_SIGN_IDENTITY[sdk=iphoneos*]" = "iPhone Developer";
				COPY_PHASE_STRIP = NO;
				DEBUG_INFORMATION_FORMAT = dwarf;
				ENABLE_STRICT_OBJC_MSGSEND = YES;
				ENABLE_TESTABILITY = YES;
				GCC_C_LANGUAGE_STANDARD = gnu99;
				GCC_DYNAMIC_NO_PIC = NO;
				GCC_NO_COMMON_BLOCKS = YES;
				GCC_OPTIMIZATION_LEVEL = 0;
				GCC_PREPROCESSOR_DEFINITIONS = (
					"DEBUG=1",
					"$(inherited)",
				);
				GCC_WARN_64_TO_32_BIT_CONVERSION = YES;
				GCC_WARN_ABOUT_RETURN_TYPE = YES_ERROR;
				GCC_WARN_UNDECLARED_SELECTOR = YES;
				GCC_WARN_UNINITIALIZED_AUTOS = YES_AGGRESSIVE;
				GCC_WARN_UNUSED_FUNCTION = YES;
				GCC_WARN_UNUSED_VARIABLE = YES;
				IPHONEOS_DEPLOYMENT_TARGET = 9.1;
				MTL_ENABLE_DEBUG_INFO = YES;
				ONLY_ACTIVE_ARCH = YES;
				SDKROOT = iphoneos;
				TARGETED_DEVICE_FAMILY = "1,2";
			};
			name = Debug;
		};
		2634EEB71C1ED460007E6ED5 /* Release */ = {
			isa = XCBuildConfiguration;
			buildSettings = {
				ALWAYS_SEARCH_USER_PATHS = NO;
				CLANG_CXX_LANGUAGE_STANDARD = "gnu++0x";
				CLANG_CXX_LIBRARY = "libc++";
				CLANG_ENABLE_MODULES = YES;
				CLANG_ENABLE_OBJC_ARC = YES;
				CLANG_WARN_BOOL_CONVERSION = YES;
				CLANG_WARN_CONSTANT_CONVERSION = YES;
				CLANG_WARN_DIRECT_OBJC_ISA_USAGE = YES_ERROR;
				CLANG_WARN_EMPTY_BODY = YES;
				CLANG_WARN_ENUM_CONVERSION = YES;
				CLANG_WARN_INT_CONVERSION = YES;
				CLANG_WARN_OBJC_ROOT_CLASS = YES_ERROR;
				CLANG_WARN_UNREACHABLE_CODE = YES;
				CLANG_WARN__DUPLICATE_METHOD_MATCH = YES;
				"CODE_SIGN_IDENTITY[sdk=iphoneos*]" = "iPhone Developer";
				COPY_PHASE_STRIP = NO;
				DEBUG_INFORMATION_FORMAT = "dwarf-with-dsym";
				ENABLE_NS_ASSERTIONS = NO;
				ENABLE_STRICT_OBJC_MSGSEND = YES;
				GCC_C_LANGUAGE_STANDARD = gnu99;
				GCC_NO_COMMON_BLOCKS = YES;
				GCC_WARN_64_TO_32_BIT_CONVERSION = YES;
				GCC_WARN_ABOUT_RETURN_TYPE = YES_ERROR;
				GCC_WARN_UNDECLARED_SELECTOR = YES;
				GCC_WARN_UNINITIALIZED_AUTOS = YES_AGGRESSIVE;
				GCC_WARN_UNUSED_FUNCTION = YES;
				GCC_WARN_UNUSED_VARIABLE = YES;
				IPHONEOS_DEPLOYMENT_TARGET = 9.1;
				MTL_ENABLE_DEBUG_INFO = NO;
				SDKROOT = iphoneos;
				TARGETED_DEVICE_FAMILY = "1,2";
				VALIDATE_PRODUCT = YES;
			};
			name = Release;
		};
		2634EEB91C1ED460007E6ED5 /* Debug */ = {
			isa = XCBuildConfiguration;
			buildSettings = {
				ASSETCATALOG_COMPILER_APPICON_NAME = AppIcon;
				INFOPLIST_FILE = IosPaint/Info.plist;
				LD_RUNPATH_SEARCH_PATHS = "$(inherited) @executable_path/Frameworks";
				PRODUCT_BUNDLE_IDENTIFIER = com.first.IosPaint;
				PRODUCT_NAME = "$(TARGET_NAME)";
				TARGETED_DEVICE_FAMILY = 2;
			};
			name = Debug;
		};
		2634EEBA1C1ED460007E6ED5 /* Release */ = {
			isa = XCBuildConfiguration;
			buildSettings = {
				ASSETCATALOG_COMPILER_APPICON_NAME = AppIcon;
				INFOPLIST_FILE = IosPaint/Info.plist;
				LD_RUNPATH_SEARCH_PATHS = "$(inherited) @executable_path/Frameworks";
				PRODUCT_BUNDLE_IDENTIFIER = com.first.IosPaint;
				PRODUCT_NAME = "$(TARGET_NAME)";
				TARGETED_DEVICE_FAMILY = 2;
			};
			name = Release;
		};
/* End XCBuildConfiguration section */

/* Begin XCConfigurationList section */
		2634EE9C1C1ED460007E6ED5 /* Build configuration list for PBXProject "IosPaint" */ = {
			isa = XCConfigurationList;
			buildConfigurations = (
				2634EEB61C1ED460007E6ED5 /* Debug */,
				2634EEB71C1ED460007E6ED5 /* Release */,
			);
			defaultConfigurationIsVisible = 0;
			defaultConfigurationName = Release;
		};
		2634EEB81C1ED460007E6ED5 /* Build configuration list for PBXNativeTarget "IosPaint" */ = {
			isa = XCConfigurationList;
			buildConfigurations = (
				2634EEB91C1ED460007E6ED5 /* Debug */,
				2634EEBA1C1ED460007E6ED5 /* Release */,
			);
			defaultConfigurationIsVisible = 0;
			defaultConfigurationName = Release;
		};
/* End XCConfigurationList section */
	};
	rootObject = 2634EE991C1ED460007E6ED5 /* Project object */;
}
